
Microsoft Visual Studio Solution File, Format Version 12.00
# Visual Studio Version 17
VisualStudioVersion = 17.6.33717.318
MinimumVisualStudioVersion = 10.0.40219.1
Project("{FAE04EC0-301F-11D3-BF4B-00C04F79EFBC}") = "WpfRoutedEvent_2_1", "Lab2_1\WpfRoutedEvent_2_1.csproj", "{278D7B43-B8BA-4A0B-B0BA-B2281C2B3E09}"
EndProject
Global
	GlobalSection(SolutionConfigurationPlatforms) = preSolution
		Debug|Any CPU = Debug|Any CPU
		Release|Any CPU = Release|Any CPU
	EndGlobalSection
	GlobalSection(ProjectConfigurationPlatforms) = postSolution
		{278D7B43-B8BA-4A0B-B0BA-B2281C2B3E09}.Debug|Any CPU.ActiveCfg = Debug|Any CPU
		{278D7B43-B8BA-4A0B-B0BA-B2281C2B3E09}.Debug|Any CPU.Build.0 = Debug|Any CPU
		{278D7B43-B8BA-4A0B-B0BA-B2281C2B3E09}.Release|Any CPU.ActiveCfg = Release|Any CPU
		{278D7B43-B8BA-4A0B-B0BA-B2281C2B3E09}.Release|Any CPU.Build.0 = Release|Any CPU
	EndGlobalSection
	GlobalSection(SolutionProperties) = preSolution
		HideSolutionNode = FALSE
	EndGlobalSection
	GlobalSection(ExtensibilityGlobals) = postSolution
		SolutionGuid = {6387E57B-B345-4D17-97DD-3C8383BCFB01}
	EndGlobalSection
EndGlobal
