
Microsoft Visual Studio Solution File, Format Version 12.00
# Visual Studio Version 17
VisualStudioVersion = 17.6.33717.318
MinimumVisualStudioVersion = 10.0.40219.1
Project("{2150E333-8FDC-42A3-9474-1A3956D46DE8}") = "WFCS", "WFCS", "{40356ABD-D37D-486A-A34C-F2D0C3379DD4}"
	ProjectSection(SolutionItems) = preProject
		TextFile1.txt = TextFile1.txt
	EndProjectSection
EndProject
Project("{2150E333-8FDC-42A3-9474-1A3956D46DE8}") = "ITMO_Group12405_WindowsForms_Lab1", "ITMO_Group12405_WindowsForms_Lab1", "{E588AEA0-1A70-449D-8BFB-E0F53B2A4934}"
	ProjectSection(SolutionItems) = preProject
		WFCS\ITMO_Group12405_WindowsForms_Lab1\ITMO_Group12405_WindowsForms_Lab1.sln = WFCS\ITMO_Group12405_WindowsForms_Lab1\ITMO_Group12405_WindowsForms_Lab1.sln
		TextFile3.txt = TextFile3.txt
	EndProjectSection
EndProject
Project("{FAE04EC0-301F-11D3-BF4B-00C04F79EFBC}") = "Lab1_1", "WFCS\ITMO_Group12405_WindowsForms_Lab1\Lab1_1\Lab1_1.csproj", "{AA92A882-5BB6-43D1-9DAC-D3D9D95834B6}"
EndProject
Project("{FAE04EC0-301F-11D3-BF4B-00C04F79EFBC}") = "Lab1_2", "WFCS\ITMO_Group12405_WindowsForms_Lab1\Lab1_2\Lab1_2.csproj", "{0BD0A20B-A349-44CF-BEF1-A277C8CFC6CD}"
EndProject
Project("{FAE04EC0-301F-11D3-BF4B-00C04F79EFBC}") = "Lab1_3", "WFCS\ITMO_Group12405_WindowsForms_Lab1\Lab1_3\Lab1_3.csproj", "{05B11B3D-A4BB-4B1B-9B00-D7361D7BB575}"
EndProject
Project("{FAE04EC0-301F-11D3-BF4B-00C04F79EFBC}") = "Lab1_4", "WFCS\ITMO_Group12405_WindowsForms_Lab1\Lab1_4\Lab1_4.csproj", "{0050A8DF-BE38-4256-98B3-39560BBC7132}"
EndProject
Project("{FAE04EC0-301F-11D3-BF4B-00C04F79EFBC}") = "Lab1_5_1", "WFCS\ITMO_Group12405_WindowsForms_Lab1\Lab1_5_1\Lab1_5_1.csproj", "{5CDD5B40-F1B0-4098-9652-7497885570FE}"
EndProject
Project("{FAE04EC0-301F-11D3-BF4B-00C04F79EFBC}") = "Lab1_5_2", "WFCS\ITMO_Group12405_WindowsForms_Lab1\Lab1_5_2\Lab1_5_2.csproj", "{1919D522-C5D5-4084-92B3-3E0961EFEBE0}"
EndProject
Project("{2150E333-8FDC-42A3-9474-1A3956D46DE8}") = "ITMO_Group12405_WindowsForms_Lab2", "ITMO_Group12405_WindowsForms_Lab2", "{4A4470B1-CD00-40ED-BC8B-83D709434A55}"
EndProject
Project("{FAE04EC0-301F-11D3-BF4B-00C04F79EFBC}") = "Lab2_1", "WFCS\ITMO_Group12405_WindowsForms_Lab2\Lab2_1\Lab2_1.csproj", "{FF737D2E-F0F6-49E2-BE6A-A3BB526D8B0D}"
EndProject
Project("{FAE04EC0-301F-11D3-BF4B-00C04F79EFBC}") = "Lab2_2", "WFCS\ITMO_Group12405_WindowsForms_Lab2\Lab2_2\Lab2_2.csproj", "{E321163E-DADE-4AB7-8F53-7796E7C44A03}"
EndProject
Project("{FAE04EC0-301F-11D3-BF4B-00C04F79EFBC}") = "Lab2_3", "WFCS\ITMO_Group12405_WindowsForms_Lab2\Lab2_3\Lab2_3.csproj", "{1F911C9D-578D-4DDB-83C7-AD3606F34705}"
EndProject
Project("{FAE04EC0-301F-11D3-BF4B-00C04F79EFBC}") = "Lab2_4", "WFCS\ITMO_Group12405_WindowsForms_Lab2\Lab2_4\Lab2_4.csproj", "{354DB47C-92C4-4FE0-8BAB-5D8649F84B5C}"
EndProject
Project("{FAE04EC0-301F-11D3-BF4B-00C04F79EFBC}") = "Lab2_5", "WFCS\ITMO_Group12405_WindowsForms_Lab2\Lab2_5\Lab2_5.csproj", "{6B97A76B-715F-4E98-A8B4-74986801DC8D}"
EndProject
Project("{FAE04EC0-301F-11D3-BF4B-00C04F79EFBC}") = "Lab2_6", "WFCS\ITMO_Group12405_WindowsForms_Lab2\Lab2_6\Lab2_6.csproj", "{4EA0412F-D74F-41B0-B4E6-B6CC78AA0BBA}"
EndProject
Project("{FAE04EC0-301F-11D3-BF4B-00C04F79EFBC}") = "Lab2_7", "WFCS\ITMO_Group12405_WindowsForms_Lab2\Lab2_7\Lab2_7.csproj", "{E20D9EA4-D9FB-4586-983A-26804D77E910}"
EndProject
Project("{FAE04EC0-301F-11D3-BF4B-00C04F79EFBC}") = "Lab2_8", "WFCS\ITMO_Group12405_WindowsForms_Lab2\Lab2_8\Lab2_8.csproj", "{F68DAA5C-F96D-4A03-983F-6EE1FDB9DC60}"
EndProject
Project("{FAE04EC0-301F-11D3-BF4B-00C04F79EFBC}") = "Lab2_9", "WFCS\ITMO_Group12405_WindowsForms_Lab2\Lab2_9\Lab2_9.csproj", "{EF4B4E13-8DB0-422B-8697-52AF541E74F9}"
EndProject
Project("{2150E333-8FDC-42A3-9474-1A3956D46DE8}") = "WPFCS", "WPFCS", "{0AF8A661-8E05-47DC-BB98-9D493B823232}"
EndProject
Project("{2150E333-8FDC-42A3-9474-1A3956D46DE8}") = "ITMO_Group12405_WPF_Lab1", "ITMO_Group12405_WPF_Lab1", "{822486EB-C8B6-4242-BBA9-5FD32E71EEB6}"
EndProject
Project("{FAE04EC0-301F-11D3-BF4B-00C04F79EFBC}") = "WpfHelloNav.Lab1_2", "WPFCS\ITMO_Group12405_WPF_Lab1\Lab1_2\WpfHelloNav.Lab1_2.csproj", "{8B939235-C6FB-4657-9124-D412B1916C26}"
EndProject
Project("{FAE04EC0-301F-11D3-BF4B-00C04F79EFBC}") = "WpfHelloNav.Lab1_3", "WPFCS\ITMO_Group12405_WPF_Lab1\Lab1_3\WpfHelloNav.Lab1_3.csproj", "{63EB99C2-F75C-4E8A-9A7D-286328577295}"
EndProject
Project("{FAE04EC0-301F-11D3-BF4B-00C04F79EFBC}") = "WpfHelloNav.Lab1_4", "WPFCS\ITMO_Group12405_WPF_Lab1\Lab1_4\WpfHelloNav.Lab1_4.csproj", "{C9D9E19B-60A0-4843-BD37-6C0E1F570E98}"
EndProject
Project("{FAE04EC0-301F-11D3-BF4B-00C04F79EFBC}") = "WpfHello.Lab1_1", "WPFCS\ITMO_Group12405_WPF_Lab1\Lab1_1\WpfHello.Lab1_1.csproj", "{0CDB47EF-BA5D-4CFA-8A95-4C9D5B386EFE}"
EndProject
Project("{2150E333-8FDC-42A3-9474-1A3956D46DE8}") = "CS", "CS", "{194586DA-EE68-427B-B52B-9FA2F77CE5F7}"
EndProject
Project("{2150E333-8FDC-42A3-9474-1A3956D46DE8}") = "ITMO_Group12405_Console_Lab", "ITMO_Group12405_Console_Lab", "{6F6BA6D2-829E-48D9-B09A-51276DCA470D}"
EndProject
Project("{FAE04EC0-301F-11D3-BF4B-00C04F79EFBC}") = "Lab9_1", "CS\ITMO_Group12405_Console_Lab9\Lab9_1\Lab9_1.csproj", "{1BC1B5DD-21E2-49E2-90BE-DA11C14BB9E4}"
EndProject
Global
	GlobalSection(SolutionConfigurationPlatforms) = preSolution
		Debug|Any CPU = Debug|Any CPU
		Release|Any CPU = Release|Any CPU
	EndGlobalSection
	GlobalSection(ProjectConfigurationPlatforms) = postSolution
		{AA92A882-5BB6-43D1-9DAC-D3D9D95834B6}.Debug|Any CPU.ActiveCfg = Debug|Any CPU
		{AA92A882-5BB6-43D1-9DAC-D3D9D95834B6}.Debug|Any CPU.Build.0 = Debug|Any CPU
		{AA92A882-5BB6-43D1-9DAC-D3D9D95834B6}.Release|Any CPU.ActiveCfg = Release|Any CPU
		{AA92A882-5BB6-43D1-9DAC-D3D9D95834B6}.Release|Any CPU.Build.0 = Release|Any CPU
		{0BD0A20B-A349-44CF-BEF1-A277C8CFC6CD}.Debug|Any CPU.ActiveCfg = Debug|Any CPU
		{0BD0A20B-A349-44CF-BEF1-A277C8CFC6CD}.Debug|Any CPU.Build.0 = Debug|Any CPU
		{0BD0A20B-A349-44CF-BEF1-A277C8CFC6CD}.Release|Any CPU.ActiveCfg = Release|Any CPU
		{0BD0A20B-A349-44CF-BEF1-A277C8CFC6CD}.Release|Any CPU.Build.0 = Release|Any CPU
		{05B11B3D-A4BB-4B1B-9B00-D7361D7BB575}.Debug|Any CPU.ActiveCfg = Debug|Any CPU
		{05B11B3D-A4BB-4B1B-9B00-D7361D7BB575}.Debug|Any CPU.Build.0 = Debug|Any CPU
		{05B11B3D-A4BB-4B1B-9B00-D7361D7BB575}.Release|Any CPU.ActiveCfg = Release|Any CPU
		{05B11B3D-A4BB-4B1B-9B00-D7361D7BB575}.Release|Any CPU.Build.0 = Release|Any CPU
		{0050A8DF-BE38-4256-98B3-39560BBC7132}.Debug|Any CPU.ActiveCfg = Debug|Any CPU
		{0050A8DF-BE38-4256-98B3-39560BBC7132}.Debug|Any CPU.Build.0 = Debug|Any CPU
		{0050A8DF-BE38-4256-98B3-39560BBC7132}.Release|Any CPU.ActiveCfg = Release|Any CPU
		{0050A8DF-BE38-4256-98B3-39560BBC7132}.Release|Any CPU.Build.0 = Release|Any CPU
		{5CDD5B40-F1B0-4098-9652-7497885570FE}.Debug|Any CPU.ActiveCfg = Debug|Any CPU
		{5CDD5B40-F1B0-4098-9652-7497885570FE}.Debug|Any CPU.Build.0 = Debug|Any CPU
		{5CDD5B40-F1B0-4098-9652-7497885570FE}.Release|Any CPU.ActiveCfg = Release|Any CPU
		{5CDD5B40-F1B0-4098-9652-7497885570FE}.Release|Any CPU.Build.0 = Release|Any CPU
		{1919D522-C5D5-4084-92B3-3E0961EFEBE0}.Debug|Any CPU.ActiveCfg = Debug|Any CPU
		{1919D522-C5D5-4084-92B3-3E0961EFEBE0}.Debug|Any CPU.Build.0 = Debug|Any CPU
		{1919D522-C5D5-4084-92B3-3E0961EFEBE0}.Release|Any CPU.ActiveCfg = Release|Any CPU
		{1919D522-C5D5-4084-92B3-3E0961EFEBE0}.Release|Any CPU.Build.0 = Release|Any CPU
		{FF737D2E-F0F6-49E2-BE6A-A3BB526D8B0D}.Debug|Any CPU.ActiveCfg = Debug|Any CPU
		{FF737D2E-F0F6-49E2-BE6A-A3BB526D8B0D}.Debug|Any CPU.Build.0 = Debug|Any CPU
		{FF737D2E-F0F6-49E2-BE6A-A3BB526D8B0D}.Release|Any CPU.ActiveCfg = Release|Any CPU
		{FF737D2E-F0F6-49E2-BE6A-A3BB526D8B0D}.Release|Any CPU.Build.0 = Release|Any CPU
		{E321163E-DADE-4AB7-8F53-7796E7C44A03}.Debug|Any CPU.ActiveCfg = Debug|Any CPU
		{E321163E-DADE-4AB7-8F53-7796E7C44A03}.Debug|Any CPU.Build.0 = Debug|Any CPU
		{E321163E-DADE-4AB7-8F53-7796E7C44A03}.Release|Any CPU.ActiveCfg = Release|Any CPU
		{E321163E-DADE-4AB7-8F53-7796E7C44A03}.Release|Any CPU.Build.0 = Release|Any CPU
		{1F911C9D-578D-4DDB-83C7-AD3606F34705}.Debug|Any CPU.ActiveCfg = Debug|Any CPU
		{1F911C9D-578D-4DDB-83C7-AD3606F34705}.Debug|Any CPU.Build.0 = Debug|Any CPU
		{1F911C9D-578D-4DDB-83C7-AD3606F34705}.Release|Any CPU.ActiveCfg = Release|Any CPU
		{1F911C9D-578D-4DDB-83C7-AD3606F34705}.Release|Any CPU.Build.0 = Release|Any CPU
		{354DB47C-92C4-4FE0-8BAB-5D8649F84B5C}.Debug|Any CPU.ActiveCfg = Debug|Any CPU
		{354DB47C-92C4-4FE0-8BAB-5D8649F84B5C}.Debug|Any CPU.Build.0 = Debug|Any CPU
		{354DB47C-92C4-4FE0-8BAB-5D8649F84B5C}.Release|Any CPU.ActiveCfg = Release|Any CPU
		{354DB47C-92C4-4FE0-8BAB-5D8649F84B5C}.Release|Any CPU.Build.0 = Release|Any CPU
		{6B97A76B-715F-4E98-A8B4-74986801DC8D}.Debug|Any CPU.ActiveCfg = Debug|Any CPU
		{6B97A76B-715F-4E98-A8B4-74986801DC8D}.Debug|Any CPU.Build.0 = Debug|Any CPU
		{6B97A76B-715F-4E98-A8B4-74986801DC8D}.Release|Any CPU.ActiveCfg = Release|Any CPU
		{6B97A76B-715F-4E98-A8B4-74986801DC8D}.Release|Any CPU.Build.0 = Release|Any CPU
		{4EA0412F-D74F-41B0-B4E6-B6CC78AA0BBA}.Debug|Any CPU.ActiveCfg = Debug|Any CPU
		{4EA0412F-D74F-41B0-B4E6-B6CC78AA0BBA}.Debug|Any CPU.Build.0 = Debug|Any CPU
		{4EA0412F-D74F-41B0-B4E6-B6CC78AA0BBA}.Release|Any CPU.ActiveCfg = Release|Any CPU
		{4EA0412F-D74F-41B0-B4E6-B6CC78AA0BBA}.Release|Any CPU.Build.0 = Release|Any CPU
		{E20D9EA4-D9FB-4586-983A-26804D77E910}.Debug|Any CPU.ActiveCfg = Debug|Any CPU
		{E20D9EA4-D9FB-4586-983A-26804D77E910}.Debug|Any CPU.Build.0 = Debug|Any CPU
		{E20D9EA4-D9FB-4586-983A-26804D77E910}.Release|Any CPU.ActiveCfg = Release|Any CPU
		{E20D9EA4-D9FB-4586-983A-26804D77E910}.Release|Any CPU.Build.0 = Release|Any CPU
		{F68DAA5C-F96D-4A03-983F-6EE1FDB9DC60}.Debug|Any CPU.ActiveCfg = Debug|Any CPU
		{F68DAA5C-F96D-4A03-983F-6EE1FDB9DC60}.Debug|Any CPU.Build.0 = Debug|Any CPU
		{F68DAA5C-F96D-4A03-983F-6EE1FDB9DC60}.Release|Any CPU.ActiveCfg = Release|Any CPU
		{F68DAA5C-F96D-4A03-983F-6EE1FDB9DC60}.Release|Any CPU.Build.0 = Release|Any CPU
		{EF4B4E13-8DB0-422B-8697-52AF541E74F9}.Debug|Any CPU.ActiveCfg = Debug|Any CPU
		{EF4B4E13-8DB0-422B-8697-52AF541E74F9}.Debug|Any CPU.Build.0 = Debug|Any CPU
		{EF4B4E13-8DB0-422B-8697-52AF541E74F9}.Release|Any CPU.ActiveCfg = Release|Any CPU
		{EF4B4E13-8DB0-422B-8697-52AF541E74F9}.Release|Any CPU.Build.0 = Release|Any CPU
		{8B939235-C6FB-4657-9124-D412B1916C26}.Debug|Any CPU.ActiveCfg = Debug|Any CPU
		{8B939235-C6FB-4657-9124-D412B1916C26}.Debug|Any CPU.Build.0 = Debug|Any CPU
		{8B939235-C6FB-4657-9124-D412B1916C26}.Release|Any CPU.ActiveCfg = Release|Any CPU
		{8B939235-C6FB-4657-9124-D412B1916C26}.Release|Any CPU.Build.0 = Release|Any CPU
		{63EB99C2-F75C-4E8A-9A7D-286328577295}.Debug|Any CPU.ActiveCfg = Debug|Any CPU
		{63EB99C2-F75C-4E8A-9A7D-286328577295}.Debug|Any CPU.Build.0 = Debug|Any CPU
		{63EB99C2-F75C-4E8A-9A7D-286328577295}.Release|Any CPU.ActiveCfg = Release|Any CPU
		{63EB99C2-F75C-4E8A-9A7D-286328577295}.Release|Any CPU.Build.0 = Release|Any CPU
		{C9D9E19B-60A0-4843-BD37-6C0E1F570E98}.Debug|Any CPU.ActiveCfg = Debug|Any CPU
		{C9D9E19B-60A0-4843-BD37-6C0E1F570E98}.Debug|Any CPU.Build.0 = Debug|Any CPU
		{C9D9E19B-60A0-4843-BD37-6C0E1F570E98}.Release|Any CPU.ActiveCfg = Release|Any CPU
		{C9D9E19B-60A0-4843-BD37-6C0E1F570E98}.Release|Any CPU.Build.0 = Release|Any CPU
		{0CDB47EF-BA5D-4CFA-8A95-4C9D5B386EFE}.Debug|Any CPU.ActiveCfg = Debug|Any CPU
		{0CDB47EF-BA5D-4CFA-8A95-4C9D5B386EFE}.Debug|Any CPU.Build.0 = Debug|Any CPU
		{0CDB47EF-BA5D-4CFA-8A95-4C9D5B386EFE}.Release|Any CPU.ActiveCfg = Release|Any CPU
		{0CDB47EF-BA5D-4CFA-8A95-4C9D5B386EFE}.Release|Any CPU.Build.0 = Release|Any CPU
		{1BC1B5DD-21E2-49E2-90BE-DA11C14BB9E4}.Debug|Any CPU.ActiveCfg = Debug|Any CPU
		{1BC1B5DD-21E2-49E2-90BE-DA11C14BB9E4}.Debug|Any CPU.Build.0 = Debug|Any CPU
		{1BC1B5DD-21E2-49E2-90BE-DA11C14BB9E4}.Release|Any CPU.ActiveCfg = Release|Any CPU
		{1BC1B5DD-21E2-49E2-90BE-DA11C14BB9E4}.Release|Any CPU.Build.0 = Release|Any CPU
	EndGlobalSection
	GlobalSection(SolutionProperties) = preSolution
		HideSolutionNode = FALSE
	EndGlobalSection
	GlobalSection(NestedProjects) = preSolution
		{E588AEA0-1A70-449D-8BFB-E0F53B2A4934} = {40356ABD-D37D-486A-A34C-F2D0C3379DD4}
		{AA92A882-5BB6-43D1-9DAC-D3D9D95834B6} = {E588AEA0-1A70-449D-8BFB-E0F53B2A4934}
		{0BD0A20B-A349-44CF-BEF1-A277C8CFC6CD} = {E588AEA0-1A70-449D-8BFB-E0F53B2A4934}
		{05B11B3D-A4BB-4B1B-9B00-D7361D7BB575} = {E588AEA0-1A70-449D-8BFB-E0F53B2A4934}
		{0050A8DF-BE38-4256-98B3-39560BBC7132} = {E588AEA0-1A70-449D-8BFB-E0F53B2A4934}
		{5CDD5B40-F1B0-4098-9652-7497885570FE} = {E588AEA0-1A70-449D-8BFB-E0F53B2A4934}
		{1919D522-C5D5-4084-92B3-3E0961EFEBE0} = {E588AEA0-1A70-449D-8BFB-E0F53B2A4934}
		{4A4470B1-CD00-40ED-BC8B-83D709434A55} = {40356ABD-D37D-486A-A34C-F2D0C3379DD4}
		{FF737D2E-F0F6-49E2-BE6A-A3BB526D8B0D} = {4A4470B1-CD00-40ED-BC8B-83D709434A55}
		{E321163E-DADE-4AB7-8F53-7796E7C44A03} = {4A4470B1-CD00-40ED-BC8B-83D709434A55}
		{1F911C9D-578D-4DDB-83C7-AD3606F34705} = {4A4470B1-CD00-40ED-BC8B-83D709434A55}
		{354DB47C-92C4-4FE0-8BAB-5D8649F84B5C} = {4A4470B1-CD00-40ED-BC8B-83D709434A55}
		{6B97A76B-715F-4E98-A8B4-74986801DC8D} = {4A4470B1-CD00-40ED-BC8B-83D709434A55}
		{4EA0412F-D74F-41B0-B4E6-B6CC78AA0BBA} = {4A4470B1-CD00-40ED-BC8B-83D709434A55}
		{E20D9EA4-D9FB-4586-983A-26804D77E910} = {4A4470B1-CD00-40ED-BC8B-83D709434A55}
		{F68DAA5C-F96D-4A03-983F-6EE1FDB9DC60} = {4A4470B1-CD00-40ED-BC8B-83D709434A55}
		{EF4B4E13-8DB0-422B-8697-52AF541E74F9} = {4A4470B1-CD00-40ED-BC8B-83D709434A55}
		{822486EB-C8B6-4242-BBA9-5FD32E71EEB6} = {0AF8A661-8E05-47DC-BB98-9D493B823232}
		{8B939235-C6FB-4657-9124-D412B1916C26} = {822486EB-C8B6-4242-BBA9-5FD32E71EEB6}
		{63EB99C2-F75C-4E8A-9A7D-286328577295} = {822486EB-C8B6-4242-BBA9-5FD32E71EEB6}
		{C9D9E19B-60A0-4843-BD37-6C0E1F570E98} = {822486EB-C8B6-4242-BBA9-5FD32E71EEB6}
		{0CDB47EF-BA5D-4CFA-8A95-4C9D5B386EFE} = {822486EB-C8B6-4242-BBA9-5FD32E71EEB6}
		{6F6BA6D2-829E-48D9-B09A-51276DCA470D} = {194586DA-EE68-427B-B52B-9FA2F77CE5F7}
		{1BC1B5DD-21E2-49E2-90BE-DA11C14BB9E4} = {6F6BA6D2-829E-48D9-B09A-51276DCA470D}
	EndGlobalSection
	GlobalSection(ExtensibilityGlobals) = postSolution
		SolutionGuid = {D4F3DD8B-7A46-4B4D-B92A-5A9AE1DAD4C3}
	EndGlobalSection
EndGlobal
