
Microsoft Visual Studio Solution File, Format Version 12.00
# Visual Studio Version 17
VisualStudioVersion = 17.6.33717.318
MinimumVisualStudioVersion = 10.0.40219.1
Project("{2150E333-8FDC-42A3-9474-1A3956D46DE8}") = "WFCS", "WFCS", "{40356ABD-D37D-486A-A34C-F2D0C3379DD4}"
	ProjectSection(SolutionItems) = preProject
		TextFile1.txt = TextFile1.txt
	EndProjectSection
EndProject
Project("{2150E333-8FDC-42A3-9474-1A3956D46DE8}") = "ITMO_Group12405_WindowsForms_Lab1", "ITMO_Group12405_WindowsForms_Lab1", "{DDE39A7A-534A-41E6-ACC0-9DE1947B7C68}"
EndProject
Project("{FAE04EC0-301F-11D3-BF4B-00C04F79EFBC}") = "Lab1_1", "WFCS\ITMO_Group12405_WindowsForms_Lab1\Lab1_1\Lab1_1.csproj", "{83CFAB0B-6BEE-41FC-8537-BB6137A43E31}"
EndProject
Project("{FAE04EC0-301F-11D3-BF4B-00C04F79EFBC}") = "Lab1_3", "WFCS\ITMO_Group12405_WindowsForms_Lab1\Lab1_3\Lab1_3.csproj", "{05B11B3D-A4BB-4B1B-9B00-D7361D7BB575}"
EndProject
Project("{FAE04EC0-301F-11D3-BF4B-00C04F79EFBC}") = "Lab1_2", "WFCS\ITMO_Group12405_WindowsForms_Lab1\Lab1_2\Lab1_2.csproj", "{C0BAC924-5EA5-4370-B582-87B491CBFAFF}"
EndProject
Project("{FAE04EC0-301F-11D3-BF4B-00C04F79EFBC}") = "Lab1_4", "WFCS\ITMO_Group12405_WindowsForms_Lab1\Lab1_4\Lab1_4.csproj", "{0050A8DF-BE38-4256-98B3-39560BBC7132}"
EndProject
Project("{FAE04EC0-301F-11D3-BF4B-00C04F79EFBC}") = "Lab1_5_1", "WFCS\ITMO_Group12405_WindowsForms_Lab1\Lab1_5_1\Lab1_5_1.csproj", "{5CDD5B40-F1B0-4098-9652-7497885570FE}"
EndProject
Project("{FAE04EC0-301F-11D3-BF4B-00C04F79EFBC}") = "Lab1_5_2", "WFCS\ITMO_Group12405_WindowsForms_Lab1\Lab1_5_2\Lab1_5_2.csproj", "{1919D522-C5D5-4084-92B3-3E0961EFEBE0}"
EndProject
Global
	GlobalSection(SolutionConfigurationPlatforms) = preSolution
		Debug|Any CPU = Debug|Any CPU
		Release|Any CPU = Release|Any CPU
	EndGlobalSection
	GlobalSection(ProjectConfigurationPlatforms) = postSolution
		{83CFAB0B-6BEE-41FC-8537-BB6137A43E31}.Debug|Any CPU.ActiveCfg = Debug|Any CPU
		{83CFAB0B-6BEE-41FC-8537-BB6137A43E31}.Debug|Any CPU.Build.0 = Debug|Any CPU
		{83CFAB0B-6BEE-41FC-8537-BB6137A43E31}.Release|Any CPU.ActiveCfg = Release|Any CPU
		{83CFAB0B-6BEE-41FC-8537-BB6137A43E31}.Release|Any CPU.Build.0 = Release|Any CPU
		{05B11B3D-A4BB-4B1B-9B00-D7361D7BB575}.Debug|Any CPU.ActiveCfg = Debug|Any CPU
		{05B11B3D-A4BB-4B1B-9B00-D7361D7BB575}.Debug|Any CPU.Build.0 = Debug|Any CPU
		{05B11B3D-A4BB-4B1B-9B00-D7361D7BB575}.Release|Any CPU.ActiveCfg = Release|Any CPU
		{05B11B3D-A4BB-4B1B-9B00-D7361D7BB575}.Release|Any CPU.Build.0 = Release|Any CPU
		{C0BAC924-5EA5-4370-B582-87B491CBFAFF}.Debug|Any CPU.ActiveCfg = Debug|Any CPU
		{C0BAC924-5EA5-4370-B582-87B491CBFAFF}.Debug|Any CPU.Build.0 = Debug|Any CPU
		{C0BAC924-5EA5-4370-B582-87B491CBFAFF}.Release|Any CPU.ActiveCfg = Release|Any CPU
		{C0BAC924-5EA5-4370-B582-87B491CBFAFF}.Release|Any CPU.Build.0 = Release|Any CPU
		{0050A8DF-BE38-4256-98B3-39560BBC7132}.Debug|Any CPU.ActiveCfg = Debug|Any CPU
		{0050A8DF-BE38-4256-98B3-39560BBC7132}.Debug|Any CPU.Build.0 = Debug|Any CPU
		{0050A8DF-BE38-4256-98B3-39560BBC7132}.Release|Any CPU.ActiveCfg = Release|Any CPU
		{0050A8DF-BE38-4256-98B3-39560BBC7132}.Release|Any CPU.Build.0 = Release|Any CPU
		{5CDD5B40-F1B0-4098-9652-7497885570FE}.Debug|Any CPU.ActiveCfg = Debug|Any CPU
		{5CDD5B40-F1B0-4098-9652-7497885570FE}.Debug|Any CPU.Build.0 = Debug|Any CPU
		{5CDD5B40-F1B0-4098-9652-7497885570FE}.Release|Any CPU.ActiveCfg = Release|Any CPU
		{5CDD5B40-F1B0-4098-9652-7497885570FE}.Release|Any CPU.Build.0 = Release|Any CPU
		{1919D522-C5D5-4084-92B3-3E0961EFEBE0}.Debug|Any CPU.ActiveCfg = Debug|Any CPU
		{1919D522-C5D5-4084-92B3-3E0961EFEBE0}.Debug|Any CPU.Build.0 = Debug|Any CPU
		{1919D522-C5D5-4084-92B3-3E0961EFEBE0}.Release|Any CPU.ActiveCfg = Release|Any CPU
		{1919D522-C5D5-4084-92B3-3E0961EFEBE0}.Release|Any CPU.Build.0 = Release|Any CPU
	EndGlobalSection
	GlobalSection(SolutionProperties) = preSolution
		HideSolutionNode = FALSE
	EndGlobalSection
	GlobalSection(NestedProjects) = preSolution
		{DDE39A7A-534A-41E6-ACC0-9DE1947B7C68} = {40356ABD-D37D-486A-A34C-F2D0C3379DD4}
		{83CFAB0B-6BEE-41FC-8537-BB6137A43E31} = {DDE39A7A-534A-41E6-ACC0-9DE1947B7C68}
		{05B11B3D-A4BB-4B1B-9B00-D7361D7BB575} = {DDE39A7A-534A-41E6-ACC0-9DE1947B7C68}
		{C0BAC924-5EA5-4370-B582-87B491CBFAFF} = {DDE39A7A-534A-41E6-ACC0-9DE1947B7C68}
		{0050A8DF-BE38-4256-98B3-39560BBC7132} = {DDE39A7A-534A-41E6-ACC0-9DE1947B7C68}
		{5CDD5B40-F1B0-4098-9652-7497885570FE} = {DDE39A7A-534A-41E6-ACC0-9DE1947B7C68}
		{1919D522-C5D5-4084-92B3-3E0961EFEBE0} = {DDE39A7A-534A-41E6-ACC0-9DE1947B7C68}
	EndGlobalSection
	GlobalSection(ExtensibilityGlobals) = postSolution
		SolutionGuid = {D4F3DD8B-7A46-4B4D-B92A-5A9AE1DAD4C3}
	EndGlobalSection
EndGlobal
