
Microsoft Visual Studio Solution File, Format Version 12.00
# Visual Studio Version 17
VisualStudioVersion = 17.6.33717.318
MinimumVisualStudioVersion = 10.0.40219.1
Project("{FAE04EC0-301F-11D3-BF4B-00C04F79EFBC}") = "DBConnection", "DBConnection\DBConnection.csproj", "{E70B4E4D-229D-42D7-AB2F-9AD59C2652D4}"
EndProject
Global
	GlobalSection(SolutionConfigurationPlatforms) = preSolution
		Debug|Any CPU = Debug|Any CPU
		Release|Any CPU = Release|Any CPU
	EndGlobalSection
	GlobalSection(ProjectConfigurationPlatforms) = postSolution
		{E70B4E4D-229D-42D7-AB2F-9AD59C2652D4}.Debug|Any CPU.ActiveCfg = Debug|Any CPU
		{E70B4E4D-229D-42D7-AB2F-9AD59C2652D4}.Debug|Any CPU.Build.0 = Debug|Any CPU
		{E70B4E4D-229D-42D7-AB2F-9AD59C2652D4}.Release|Any CPU.ActiveCfg = Release|Any CPU
		{E70B4E4D-229D-42D7-AB2F-9AD59C2652D4}.Release|Any CPU.Build.0 = Release|Any CPU
	EndGlobalSection
	GlobalSection(SolutionProperties) = preSolution
		HideSolutionNode = FALSE
	EndGlobalSection
	GlobalSection(ExtensibilityGlobals) = postSolution
		SolutionGuid = {F28D226D-EAE1-421A-9CB8-039557DDC1D4}
	EndGlobalSection
EndGlobal
